// !$*UTF8*$!
{
	archiveVersion = 1;
	classes = {
	};
	objectVersion = 46;
	objects = {

/* Begin PBXBuildFile section */
		F5EED2741E4D8B0D00C8592D /* AppDelegate.swift in Sources */ = {isa = PBXBuildFile; fileRef = F5EED2731E4D8B0D00C8592D /* AppDelegate.swift */; };
		F5EED2761E4D8B0D00C8592D /* ViewController.swift in Sources */ = {isa = PBXBuildFile; fileRef = F5EED2751E4D8B0D00C8592D /* ViewController.swift */; };
		F5EED2791E4D8B0D00C8592D /* Main.storyboard in Resources */ = {isa = PBXBuildFile; fileRef = F5EED2771E4D8B0D00C8592D /* Main.storyboard */; };
		F5EED27B1E4D8B0D00C8592D /* Assets.xcassets in Resources */ = {isa = PBXBuildFile; fileRef = F5EED27A1E4D8B0D00C8592D /* Assets.xcassets */; };
		F5EED27E1E4D8B0D00C8592D /* LaunchScreen.storyboard in Resources */ = {isa = PBXBuildFile; fileRef = F5EED27C1E4D8B0D00C8592D /* LaunchScreen.storyboard */; };
/* End PBXBuildFile section */

/* Begin PBXFileReference section */
		F5EED2701E4D8B0D00C8592D /* FebWarCardGame.app */ = {isa = PBXFileReference; explicitFileType = wrapper.application; includeInIndex = 0; path = FebWarCardGame.app; sourceTree = BUILT_PRODUCTS_DIR; };
		F5EED2731E4D8B0D00C8592D /* AppDelegate.swift */ = {isa = PBXFileReference; lastKnownFileType = sourcecode.swift; path = AppDelegate.swift; sourceTree = "<group>"; };
		F5EED2751E4D8B0D00C8592D /* ViewController.swift */ = {isa = PBXFileReference; lastKnownFileType = sourcecode.swift; path = ViewController.swift; sourceTree = "<group>"; };
		F5EED2781E4D8B0D00C8592D /* Base */ = {isa = PBXFileReference; lastKnownFileType = file.storyboard; name = Base; path = Base.lproj/Main.storyboard; sourceTree = "<group>"; };
		F5EED27A1E4D8B0D00C8592D /* Assets.xcassets */ = {isa = PBXFileReference; lastKnownFileType = folder.assetcatalog; path = Assets.xcassets; sourceTree = "<group>"; };
		F5EED27D1E4D8B0D00C8592D /* Base */ = {isa = PBXFileReference; lastKnownFileType = file.storyboard; name = Base; path = Base.lproj/LaunchScreen.storyboard; sourceTree = "<group>"; };
		F5EED27F1E4D8B0D00C8592D /* Info.plist */ = {isa = PBXFileReference; lastKnownFileType = text.plist.xml; path = Info.plist; sourceTree = "<group>"; };
/* End PBXFileReference section */

/* Begin PBXFrameworksBuildPhase section */
		F5EED26D1E4D8B0D00C8592D /* Frameworks */ = {
			isa = PBXFrameworksBuildPhase;
			buildActionMask = 2147483647;
			files = (
			);
			runOnlyForDeploymentPostprocessing = 0;
		};
/* End PBXFrameworksBuildPhase section */

/* Begin PBXGroup section */
		F5EED2671E4D8B0C00C8592D = {
			isa = PBXGroup;
			children = (
				F5EED2721E4D8B0D00C8592D /* FebWarCardGame */,
				F5EED2711E4D8B0D00C8592D /* Products */,
			);
			sourceTree = "<group>";
		};
		F5EED2711E4D8B0D00C8592D /* Products */ = {
			isa = PBXGroup;
			children = (
				F5EED2701E4D8B0D00C8592D /* FebWarCardGame.app */,
			);
			name = Products;
			sourceTree = "<group>";
		};
		F5EED2721E4D8B0D00C8592D /* FebWarCardGame */ = {
			isa = PBXGroup;
			children = (
				F5EED2731E4D8B0D00C8592D /* AppDelegate.swift */,
				F5EED2751E4D8B0D00C8592D /* ViewController.swift */,
				F5EED2771E4D8B0D00C8592D /* Main.storyboard */,
				F5EED27A1E4D8B0D00C8592D /* Assets.xcassets */,
				F5EED27C1E4D8B0D00C8592D /* LaunchScreen.storyboard */,
				F5EED27F1E4D8B0D00C8592D /* Info.plist */,
			);
			path = FebWarCardGame;
			sourceTree = "<group>";
		};
/* End PBXGroup section */

/* Begin PBXNativeTarget section */
		F5EED26F1E4D8B0D00C8592D /* FebWarCardGame */ = {
			isa = PBXNativeTarget;
			buildConfigurationList = F5EED2821E4D8B0D00C8592D /* Build configuration list for PBXNativeTarget "FebWarCardGame" */;
			buildPhases = (
				F5EED26C1E4D8B0D00C8592D /* Sources */,
				F5EED26D1E4D8B0D00C8592D /* Frameworks */,
				F5EED26E1E4D8B0D00C8592D /* Resources */,
			);
			buildRules = (
			);
			dependencies = (
			);
			name = FebWarCardGame;
			productName = FebWarCardGame;
			productReference = F5EED2701E4D8B0D00C8592D /* FebWarCardGame.app */;
			productType = "com.apple.product-type.application";
		};
/* End PBXNativeTarget section */

/* Begin PBXProject section */
		F5EED2681E4D8B0C00C8592D /* Project object */ = {
			isa = PBXProject;
			attributes = {
				LastSwiftUpdateCheck = 0820;
				LastUpgradeCheck = 0820;
				ORGANIZATIONNAME = "Siyu Wang";
				TargetAttributes = {
					F5EED26F1E4D8B0D00C8592D = {
						CreatedOnToolsVersion = 8.2.1;
						ProvisioningStyle = Automatic;
					};
				};
			};
			buildConfigurationList = F5EED26B1E4D8B0C00C8592D /* Build configuration list for PBXProject "FebWarCardGame" */;
			compatibilityVersion = "Xcode 3.2";
			developmentRegion = English;
			hasScannedForEncodings = 0;
			knownRegions = (
				en,
				Base,
			);
			mainGroup = F5EED2671E4D8B0C00C8592D;
			productRefGroup = F5EED2711E4D8B0D00C8592D /* Products */;
			projectDirPath = "";
			projectRoot = "";
			targets = (
				F5EED26F1E4D8B0D00C8592D /* FebWarCardGame */,
			);
		};
/* End PBXProject section */

/* Begin PBXResourcesBuildPhase section */
		F5EED26E1E4D8B0D00C8592D /* Resources */ = {
			isa = PBXResourcesBuildPhase;
			buildActionMask = 2147483647;
			files = (
				F5EED27E1E4D8B0D00C8592D /* LaunchScreen.storyboard in Resources */,
				F5EED27B1E4D8B0D00C8592D /* Assets.xcassets in Resources */,
				F5EED2791E4D8B0D00C8592D /* Main.storyboard in Resources */,
			);
			runOnlyForDeploymentPostprocessing = 0;
		};
/* End PBXResourcesBuildPhase section */

/* Begin PBXSourcesBuildPhase section */
		F5EED26C1E4D8B0D00C8592D /* Sources */ = {
			isa = PBXSourcesBuildPhase;
			buildActionMask = 2147483647;
			files = (
				F5EED2761E4D8B0D00C8592D /* ViewController.swift in Sources */,
				F5EED2741E4D8B0D00C8592D /* AppDelegate.swift in Sources */,
			);
			runOnlyForDeploymentPostprocessing = 0;
		};
/* End PBXSourcesBuildPhase section */

/* Begin PBXVariantGroup section */
		F5EED2771E4D8B0D00C8592D /* Main.storyboard */ = {
			isa = PBXVariantGroup;
			children = (
				F5EED2781E4D8B0D00C8592D /* Base */,
			);
			name = Main.storyboard;
			sourceTree = "<group>";
		};
		F5EED27C1E4D8B0D00C8592D /* LaunchScreen.storyboard */ = {
			isa = PBXVariantGroup;
			children = (
				F5EED27D1E4D8B0D00C8592D /* Base */,
			);
			name = LaunchScreen.storyboard;
			sourceTree = "<group>";
		};
/* End PBXVariantGroup section */

/* Begin XCBuildConfiguration section */
		F5EED2801E4D8B0D00C8592D /* Debug */ = {
			isa = XCBuildConfiguration;
			buildSettings = {
				ALWAYS_SEARCH_USER_PATHS = NO;
				CLANG_ANALYZER_NONNULL = YES;
				CLANG_CXX_LANGUAGE_STANDARD = "gnu++0x";
				CLANG_CXX_LIBRARY = "libc++";
				CLANG_ENABLE_MODULES = YES;
				CLANG_ENABLE_OBJC_ARC = YES;
				CLANG_WARN_BOOL_CONVERSION = YES;
				CLANG_WARN_CONSTANT_CONVERSION = YES;
				CLANG_WARN_DIRECT_OBJC_ISA_USAGE = YES_ERROR;
				CLANG_WARN_DOCUMENTATION_COMMENTS = YES;
				CLANG_WARN_EMPTY_BODY = YES;
				CLANG_WARN_ENUM_CONVERSION = YES;
				CLANG_WARN_INFINITE_RECURSION = YES;
				CLANG_WARN_INT_CONVERSION = YES;
				CLANG_WARN_OBJC_ROOT_CLASS = YES_ERROR;
				CLANG_WARN_SUSPICIOUS_MOVE = YES;
				CLANG_WARN_UNREACHABLE_CODE = YES;
				CLANG_WARN__DUPLICATE_METHOD_MATCH = YES;
				"CODE_SIGN_IDENTITY[sdk=iphoneos*]" = "iPhone Developer";
				COPY_PHASE_STRIP = NO;
				DEBUG_INFORMATION_FORMAT = dwarf;
				ENABLE_STRICT_OBJC_MSGSEND = YES;
				ENABLE_TESTABILITY = YES;
				GCC_C_LANGUAGE_STANDARD = gnu99;
				GCC_DYNAMIC_NO_PIC = NO;
				GCC_NO_COMMON_BLOCKS = YES;
				GCC_OPTIMIZATION_LEVEL = 0;
				GCC_PREPROCESSOR_DEFINITIONS = (
					"DEBUG=1",
					"$(inherited)",
				);
				GCC_WARN_64_TO_32_BIT_CONVERSION = YES;
				GCC_WARN_ABOUT_RETURN_TYPE = YES_ERROR;
				GCC_WARN_UNDECLARED_SELECTOR = YES;
				GCC_WARN_UNINITIALIZED_AUTOS = YES_AGGRESSIVE;
				GCC_WARN_UNUSED_FUNCTION = YES;
				GCC_WARN_UNUSED_VARIABLE = YES;
				IPHONEOS_DEPLOYMENT_TARGET = 10.2;
				MTL_ENABLE_DEBUG_INFO = YES;
				ONLY_ACTIVE_ARCH = YES;
				SDKROOT = iphoneos;
				SWIFT_ACTIVE_COMPILATION_CONDITIONS = DEBUG;
				SWIFT_OPTIMIZATION_LEVEL = "-Onone";
			};
			name = Debug;
		};
		F5EED2811E4D8B0D00C8592D /* Release */ = {
			isa = XCBuildConfiguration;
			buildSettings = {
				ALWAYS_SEARCH_USER_PATHS = NO;
				CLANG_ANALYZER_NONNULL = YES;
				CLANG_CXX_LANGUAGE_STANDARD = "gnu++0x";
				CLANG_CXX_LIBRARY = "libc++";
				CLANG_ENABLE_MODULES = YES;
				CLANG_ENABLE_OBJC_ARC = YES;
				CLANG_WARN_BOOL_CONVERSION = YES;
				CLANG_WARN_CONSTANT_CONVERSION = YES;
				CLANG_WARN_DIRECT_OBJC_ISA_USAGE = YES_ERROR;
				CLANG_WARN_DOCUMENTATION_COMMENTS = YES;
				CLANG_WARN_EMPTY_BODY = YES;
				CLANG_WARN_ENUM_CONVERSION = YES;
				CLANG_WARN_INFINITE_RECURSION = YES;
				CLANG_WARN_INT_CONVERSION = YES;
				CLANG_WARN_OBJC_ROOT_CLASS = YES_ERROR;
				CLANG_WARN_SUSPICIOUS_MOVE = YES;
				CLANG_WARN_UNREACHABLE_CODE = YES;
				CLANG_WARN__DUPLICATE_METHOD_MATCH = YES;
				"CODE_SIGN_IDENTITY[sdk=iphoneos*]" = "iPhone Developer";
				COPY_PHASE_STRIP = NO;
				DEBUG_INFORMATION_FORMAT = "dwarf-with-dsym";
				ENABLE_NS_ASSERTIONS = NO;
				ENABLE_STRICT_OBJC_MSGSEND = YES;
				GCC_C_LANGUAGE_STANDARD = gnu99;
				GCC_NO_COMMON_BLOCKS = YES;
				GCC_WARN_64_TO_32_BIT_CONVERSION = YES;
				GCC_WARN_ABOUT_RETURN_TYPE = YES_ERROR;
				GCC_WARN_UNDECLARED_SELECTOR = YES;
				GCC_WARN_UNINITIALIZED_AUTOS = YES_AGGRESSIVE;
				GCC_WARN_UNUSED_FUNCTION = YES;
				GCC_WARN_UNUSED_VARIABLE = YES;
				IPHONEOS_DEPLOYMENT_TARGET = 10.2;
				MTL_ENABLE_DEBUG_INFO = NO;
				SDKROOT = iphoneos;
				SWIFT_OPTIMIZATION_LEVEL = "-Owholemodule";
				VALIDATE_PRODUCT = YES;
			};
			name = Release;
		};
		F5EED2831E4D8B0D00C8592D /* Debug */ = {
			isa = XCBuildConfiguration;
			buildSettings = {
				ASSETCATALOG_COMPILER_APPICON_NAME = AppIcon;
				INFOPLIST_FILE = FebWarCardGame/Info.plist;
				LD_RUNPATH_SEARCH_PATHS = "$(inherited) @executable_path/Frameworks";
				PRODUCT_BUNDLE_IDENTIFIER = com.siyukw.FebWarCardGame;
				PRODUCT_NAME = "$(TARGET_NAME)";
				SWIFT_VERSION = 3.0;
			};
			name = Debug;
		};
		F5EED2841E4D8B0D00C8592D /* Release */ = {
			isa = XCBuildConfiguration;
			buildSettings = {
				ASSETCATALOG_COMPILER_APPICON_NAME = AppIcon;
				INFOPLIST_FILE = FebWarCardGame/Info.plist;
				LD_RUNPATH_SEARCH_PATHS = "$(inherited) @executable_path/Frameworks";
				PRODUCT_BUNDLE_IDENTIFIER = com.siyukw.FebWarCardGame;
				PRODUCT_NAME = "$(TARGET_NAME)";
				SWIFT_VERSION = 3.0;
			};
			name = Release;
		};
/* End XCBuildConfiguration section */

/* Begin XCConfigurationList section */
		F5EED26B1E4D8B0C00C8592D /* Build configuration list for PBXProject "FebWarCardGame" */ = {
			isa = XCConfigurationList;
			buildConfigurations = (
				F5EED2801E4D8B0D00C8592D /* Debug */,
				F5EED2811E4D8B0D00C8592D /* Release */,
			);
			defaultConfigurationIsVisible = 0;
			defaultConfigurationName = Release;
		};
		F5EED2821E4D8B0D00C8592D /* Build configuration list for PBXNativeTarget "FebWarCardGame" */ = {
			isa = XCConfigurationList;
			buildConfigurations = (
				F5EED2831E4D8B0D00C8592D /* Debug */,
				F5EED2841E4D8B0D00C8592D /* Release */,
			);
			defaultConfigurationIsVisible = 0;
			defaultConfigurationName = Release;
		};
/* End XCConfigurationList section */
	};
	rootObject = F5EED2681E4D8B0C00C8592D /* Project object */;
}
